
Microsoft Visual Studio Solution File, Format Version 12.00
# Visual Studio Version 17
VisualStudioVersion = 17.0.32014.148
MinimumVisualStudioVersion = 10.0.40219.1
Project("{FAE04EC0-301F-11D3-BF4B-00C04F79EFBC}") = "Stack Reversing Word", "Stack Reversing Word\Stack Reversing Word.csproj", "{0001C871-34B4-46FE-910F-FD16825A74B3}"
EndProject
Global
	GlobalSection(SolutionConfigurationPlatforms) = preSolution
		Debug|Any CPU = Debug|Any CPU
		Release|Any CPU = Release|Any CPU
	EndGlobalSection
	GlobalSection(ProjectConfigurationPlatforms) = postSolution
		{0001C871-34B4-46FE-910F-FD16825A74B3}.Debug|Any CPU.ActiveCfg = Debug|Any CPU
		{0001C871-34B4-46FE-910F-FD16825A74B3}.Debug|Any CPU.Build.0 = Debug|Any CPU
		{0001C871-34B4-46FE-910F-FD16825A74B3}.Release|Any CPU.ActiveCfg = Release|Any CPU
		{0001C871-34B4-46FE-910F-FD16825A74B3}.Release|Any CPU.Build.0 = Release|Any CPU
	EndGlobalSection
	GlobalSection(SolutionProperties) = preSolution
		HideSolutionNode = FALSE
	EndGlobalSection
	GlobalSection(ExtensibilityGlobals) = postSolution
		SolutionGuid = {3A02AA09-56B0-4BDC-A953-B03507EA3626}
	EndGlobalSection
EndGlobal
