
Microsoft Visual Studio Solution File, Format Version 12.00
# Visual Studio Version 17
VisualStudioVersion = 17.0.32014.148
MinimumVisualStudioVersion = 10.0.40219.1
Project("{FAE04EC0-301F-11D3-BF4B-00C04F79EFBC}") = "Stack Balanced Parenthesis", "Stack Balanced Parenthesis\Stack Balanced Parenthesis.csproj", "{3F20DF28-D433-44CD-93B6-43C552E57A64}"
EndProject
Global
	GlobalSection(SolutionConfigurationPlatforms) = preSolution
		Debug|Any CPU = Debug|Any CPU
		Release|Any CPU = Release|Any CPU
	EndGlobalSection
	GlobalSection(ProjectConfigurationPlatforms) = postSolution
		{3F20DF28-D433-44CD-93B6-43C552E57A64}.Debug|Any CPU.ActiveCfg = Debug|Any CPU
		{3F20DF28-D433-44CD-93B6-43C552E57A64}.Debug|Any CPU.Build.0 = Debug|Any CPU
		{3F20DF28-D433-44CD-93B6-43C552E57A64}.Release|Any CPU.ActiveCfg = Release|Any CPU
		{3F20DF28-D433-44CD-93B6-43C552E57A64}.Release|Any CPU.Build.0 = Release|Any CPU
	EndGlobalSection
	GlobalSection(SolutionProperties) = preSolution
		HideSolutionNode = FALSE
	EndGlobalSection
	GlobalSection(ExtensibilityGlobals) = postSolution
		SolutionGuid = {1118AB4F-3AD5-4256-9E81-3F71731A7C47}
	EndGlobalSection
EndGlobal
