
Microsoft Visual Studio Solution File, Format Version 12.00
# Visual Studio Version 17
VisualStudioVersion = 17.0.32014.148
MinimumVisualStudioVersion = 10.0.40219.1
Project("{FAE04EC0-301F-11D3-BF4B-00C04F79EFBC}") = "Cicular Linked List", "Cicular Linked List\Cicular Linked List.csproj", "{EC6410E4-1D5E-4EA1-BADA-CCB949E6F3A6}"
EndProject
Global
	GlobalSection(SolutionConfigurationPlatforms) = preSolution
		Debug|Any CPU = Debug|Any CPU
		Release|Any CPU = Release|Any CPU
	EndGlobalSection
	GlobalSection(ProjectConfigurationPlatforms) = postSolution
		{EC6410E4-1D5E-4EA1-BADA-CCB949E6F3A6}.Debug|Any CPU.ActiveCfg = Debug|Any CPU
		{EC6410E4-1D5E-4EA1-BADA-CCB949E6F3A6}.Debug|Any CPU.Build.0 = Debug|Any CPU
		{EC6410E4-1D5E-4EA1-BADA-CCB949E6F3A6}.Release|Any CPU.ActiveCfg = Release|Any CPU
		{EC6410E4-1D5E-4EA1-BADA-CCB949E6F3A6}.Release|Any CPU.Build.0 = Release|Any CPU
	EndGlobalSection
	GlobalSection(SolutionProperties) = preSolution
		HideSolutionNode = FALSE
	EndGlobalSection
	GlobalSection(ExtensibilityGlobals) = postSolution
		SolutionGuid = {07E18D44-8413-4D1E-A1D0-82C8DD628213}
	EndGlobalSection
EndGlobal
