
Microsoft Visual Studio Solution File, Format Version 12.00
# Visual Studio Version 17
VisualStudioVersion = 17.5.33502.453
MinimumVisualStudioVersion = 10.0.40219.1
Project("{FAE04EC0-301F-11D3-BF4B-00C04F79EFBC}") = "Quick Sort", "Quick Sort\Quick Sort.csproj", "{EF6AD188-DE01-4EAB-AFC2-AEC24158A354}"
EndProject
Global
	GlobalSection(SolutionConfigurationPlatforms) = preSolution
		Debug|Any CPU = Debug|Any CPU
		Release|Any CPU = Release|Any CPU
	EndGlobalSection
	GlobalSection(ProjectConfigurationPlatforms) = postSolution
		{EF6AD188-DE01-4EAB-AFC2-AEC24158A354}.Debug|Any CPU.ActiveCfg = Debug|Any CPU
		{EF6AD188-DE01-4EAB-AFC2-AEC24158A354}.Debug|Any CPU.Build.0 = Debug|Any CPU
		{EF6AD188-DE01-4EAB-AFC2-AEC24158A354}.Release|Any CPU.ActiveCfg = Release|Any CPU
		{EF6AD188-DE01-4EAB-AFC2-AEC24158A354}.Release|Any CPU.Build.0 = Release|Any CPU
	EndGlobalSection
	GlobalSection(SolutionProperties) = preSolution
		HideSolutionNode = FALSE
	EndGlobalSection
	GlobalSection(ExtensibilityGlobals) = postSolution
		SolutionGuid = {7692DB99-700F-4A28-81DF-8CBDD669794E}
	EndGlobalSection
EndGlobal
